{
  "nodes": {
    "darwin": {
      "inputs": {
        "nixpkgs": [
          "nixpkgs-unstable"
        ]
      },
      "locked": {
        "lastModified": 1721655289,
        "narHash": "sha256-eJQQwXOKWjom9gtb7HvHd3+Wj5Sp+WrYR44r0EnaO5w=",
        "owner": "lnl7",
        "repo": "nix-darwin",
        "rev": "2ae24bcafdb88fdf70b061cc8b18d070dbd9013a",
        "type": "github"
      },
      "original": {
        "owner": "lnl7",
        "repo": "nix-darwin",
        "type": "github"
      }
    },
    "emacs": {
      "inputs": {
        "flake-utils": "flake-utils",
        "nixpkgs": [
          "nixpkgs-unstable"
        ],
        "nixpkgs-stable": "nixpkgs-stable"
      },
      "locked": {
        "lastModified": 1721668384,
        "narHash": "sha256-uxUfCHC8OOe4SseB2XLDpA4ok8T2dkpqIeeW6MK6Wds=",
        "owner": "nix-community",
        "repo": "emacs-overlay",
        "rev": "7164cf7ca4318ffad776682ef8cf8aa9e24a1216",
        "type": "github"
      },
      "original": {
        "owner": "nix-community",
        "repo": "emacs-overlay",
        "type": "github"
      }
    },
    "flake-utils": {
      "inputs": {
        "systems": "systems"
      },
      "locked": {
        "lastModified": 1710146030,
        "narHash": "sha256-SZ5L6eA7HJ/nmkzGG7/ISclqe6oZdOZTNoesiInkXPQ=",
        "owner": "numtide",
        "repo": "flake-utils",
        "rev": "b1d9ab70662946ef0850d488da1c9019f3a9752a",
        "type": "github"
      },
      "original": {
        "owner": "numtide",
        "repo": "flake-utils",
        "type": "github"
      }
    },
    "home-manager": {
      "inputs": {
        "nixpkgs": [
          "nixpkgs-unstable"
        ]
      },
      "locked": {
        "lastModified": 1721534365,
        "narHash": "sha256-XpZOkaSJKdOsz1wU6JfO59Rx2fqtcarQ0y6ndIOKNpI=",
        "owner": "nix-community",
        "repo": "home-manager",
        "rev": "635563f245309ef5320f80c7ebcb89b2398d2949",
        "type": "github"
      },
      "original": {
        "owner": "nix-community",
        "repo": "home-manager",
        "type": "github"
      }
    },
    "moses-lua": {
      "flake": false,
      "locked": {
        "lastModified": 1573371081,
        "narHash": "sha256-n/ca2MxiZPk6FZHvQGS6TTl1AZx6ZdDmR7viJFgttik=",
        "owner": "Yonaba",
        "repo": "Moses",
        "rev": "6fe8d76d50a22d85fe064aaa80390b72381befed",
        "type": "github"
      },
      "original": {
        "owner": "Yonaba",
        "repo": "Moses",
        "type": "github"
      }
    },
    "nixpkgs": {
      "locked": {
        "lastModified": 1721662280,
        "narHash": "sha256-veJoWy9VCxWaBeLYUD0BqTu2fqMvDg98TxSFau7ewaA=",
        "owner": "nixos",
        "repo": "nixpkgs",
        "rev": "ea73e7ae9dea53d112cb08fb78f4e00d1f686c54",
        "type": "github"
      },
      "original": {
        "owner": "nixos",
        "ref": "nixpkgs-24.05-darwin",
        "repo": "nixpkgs",
        "type": "github"
      }
    },
    "nixpkgs-stable": {
      "locked": {
        "lastModified": 1721548954,
        "narHash": "sha256-7cCC8+Tdq1+3OPyc3+gVo9dzUNkNIQfwSDJ2HSi2u3o=",
        "owner": "NixOS",
        "repo": "nixpkgs",
        "rev": "63d37ccd2d178d54e7fb691d7ec76000740ea24a",
        "type": "github"
      },
      "original": {
        "owner": "NixOS",
        "ref": "nixos-24.05",
        "repo": "nixpkgs",
        "type": "github"
      }
    },
    "nixpkgs-unstable": {
      "locked": {
        "lastModified": 1721559948,
        "narHash": "sha256-cFgdjyK/VBM3hB1RfFHXcI/VOCBVAv813s1upHKX7bI=",
        "owner": "NixOS",
        "repo": "nixpkgs",
        "rev": "c19d62ad2265b16e2199c5feb4650fe459ca1c46",
        "type": "github"
      },
      "original": {
        "owner": "NixOS",
        "ref": "nixpkgs-unstable",
        "repo": "nixpkgs",
        "type": "github"
      }
    },
    "root": {
      "inputs": {
        "darwin": "darwin",
        "emacs": "emacs",
        "home-manager": "home-manager",
        "moses-lua": "moses-lua",
        "nixpkgs": "nixpkgs",
        "nixpkgs-unstable": "nixpkgs-unstable"
      }
    },
    "systems": {
      "locked": {
        "lastModified": 1681028828,
        "narHash": "sha256-Vy1rq5AaRuLzOxct8nz4T6wlgyUR7zLU309k9mBC768=",
        "owner": "nix-systems",
        "repo": "default",
        "rev": "da67096a3b9bf56a91d16901293e51ba5b49a27e",
        "type": "github"
      },
      "original": {
        "owner": "nix-systems",
        "repo": "default",
        "type": "github"
      }
    }
  },
  "root": "root",
  "version": 7
}
