{
  "nodes": {
    "darwin": {
      "inputs": {
        "nixpkgs": [
          "nixpkgs-unstable"
        ]
      },
      "locked": {
        "lastModified": 1645007752,
        "narHash": "sha256-FQZMiVP/1vgR7x+TWonMf0NZczrZ4ZjhSTj3rM+kglY=",
        "owner": "lnl7",
        "repo": "nix-darwin",
        "rev": "c944b5ee82a829ddf7fa6bd9300bc2fe3d005fa1",
        "type": "github"
      },
      "original": {
        "owner": "lnl7",
        "ref": "master",
        "repo": "nix-darwin",
        "type": "github"
      }
    },
    "home-manager": {
      "inputs": {
        "nixpkgs": [
          "nixpkgs-unstable"
        ]
      },
      "locked": {
        "lastModified": 1645089656,
        "narHash": "sha256-+2eah/jPWwbjTqKmpO0hogM1OHYbHuoSvy3zTJcL0Ik=",
        "owner": "nix-community",
        "repo": "home-manager",
        "rev": "2116fe6b50a5118d56f1f443cccf024abee9de40",
        "type": "github"
      },
      "original": {
        "owner": "nix-community",
        "repo": "home-manager",
        "type": "github"
      }
    },
    "nixpkgs": {
      "locked": {
        "lastModified": 1644793108,
        "narHash": "sha256-MN/ElRTuE7pWuf99Hr1pbAxA3ApDLYuK6hIsA5sagjc=",
        "owner": "nixos",
        "repo": "nixpkgs",
        "rev": "b61bf7a96aa6ddd3c425fa1db8c45acfdd82e36b",
        "type": "github"
      },
      "original": {
        "owner": "nixos",
        "ref": "nixpkgs-21.11-darwin",
        "repo": "nixpkgs",
        "type": "github"
      }
    },
    "nixpkgs-unstable": {
      "locked": {
        "lastModified": 1644972330,
        "narHash": "sha256-6V2JFpTUzB9G+KcqtUR1yl7f6rd9495YrFECslEmbGw=",
        "owner": "NixOS",
        "repo": "nixpkgs",
        "rev": "19574af0af3ffaf7c9e359744ed32556f34536bd",
        "type": "github"
      },
      "original": {
        "owner": "NixOS",
        "ref": "nixpkgs-unstable",
        "repo": "nixpkgs",
        "type": "github"
      }
    },
    "root": {
      "inputs": {
        "darwin": "darwin",
        "home-manager": "home-manager",
        "nixpkgs": "nixpkgs",
        "nixpkgs-unstable": "nixpkgs-unstable"
      }
    }
  },
  "root": "root",
  "version": 7
}
